
Microsoft Visual Studio Solution File, Format Version 10.00
# Visual Studio 2008
Project("{2150E333-8FDC-42A3-9474-1A3956D46DE8}") = "Core", "Core", "{E2806AC3-3F5B-42AA-8049-0E7EF293A0BC}"
EndProject
Project("{8BC9CEB8-8B4A-11D0-8D11-00A0C91BC942}") = "Core", "..\MCD\Core\Core.vcproj", "{8B671592-CBBD-4F9E-BACA-1E4AC1575AC2}"
EndProject
Project("{8BC9CEB8-8B4A-11D0-8D11-00A0C91BC942}") = "CoreTest", "CoreTest\CoreTest.vcproj", "{F6A5ED75-5FEF-4191-B617-AFCC5CFF85A2}"
EndProject
Project("{2150E333-8FDC-42A3-9474-1A3956D46DE8}") = "Render", "Render", "{E12A425B-FAB0-4193-AF05-14A9085FBB40}"
EndProject
Project("{8BC9CEB8-8B4A-11D0-8D11-00A0C91BC942}") = "Render", "..\MCD\Render\Render.vcproj", "{500413B2-5AE6-41CE-BCFF-D90DB2755869}"
EndProject
Project("{8BC9CEB8-8B4A-11D0-8D11-00A0C91BC942}") = "RenderTest", "RenderTest\RenderTest.vcproj", "{4DA3080B-CD7B-454F-8D08-493605EE4980}"
EndProject
Project("{2150E333-8FDC-42A3-9474-1A3956D46DE8}") = "Binding", "Binding", "{03810A82-BCF8-4236-A8DB-8B6E4DF32B61}"
EndProject
Project("{8BC9CEB8-8B4A-11D0-8D11-00A0C91BC942}") = "Binding", "..\MCD\Binding\Binding.vcproj", "{5813D158-EC1E-4305-8122-8573958150FE}"
EndProject
Project("{8BC9CEB8-8B4A-11D0-8D11-00A0C91BC942}") = "BindingTest", "BindingTest\BindingTest.vcproj", "{917F03EB-E204-4D13-81A6-645A15D8B89C}"
EndProject
Project("{2150E333-8FDC-42A3-9474-1A3956D46DE8}") = "Component", "Component", "{2E839548-D39B-43AC-A369-6A8EB0062470}"
EndProject
Project("{8BC9CEB8-8B4A-11D0-8D11-00A0C91BC942}") = "Component", "..\MCD\Component\Component.vcproj", "{B6219744-C76A-4C74-A455-8AFA986C3B6A}"
EndProject
Project("{8BC9CEB8-8B4A-11D0-8D11-00A0C91BC942}") = "ComponentTest", "ComponentTest\ComponentTest.vcproj", "{67AADB73-C79B-4C06-B7E8-BCBD2A5458BF}"
EndProject
Project("{8BC9CEB8-8B4A-11D0-8D11-00A0C91BC942}") = "Audio", "..\MCD\Audio\Audio.vcproj", "{5570494C-4F2D-4C2B-956A-E1804C73C524}"
EndProject
Project("{8BC9CEB8-8B4A-11D0-8D11-00A0C91BC942}") = "AudioTest", "AudioTest\AudioTest.vcproj", "{44759314-9FC1-4ABC-B595-62B23DDD8014}"
EndProject
Project("{2150E333-8FDC-42A3-9474-1A3956D46DE8}") = "Audio", "Audio", "{ED4A2DE1-B996-4115-86BD-66C5FD58019F}"
EndProject
Global
	GlobalSection(SolutionConfigurationPlatforms) = preSolution
		Analysis|Win32 = Analysis|Win32
		Debug|Win32 = Debug|Win32
		Release|Win32 = Release|Win32
	EndGlobalSection
	GlobalSection(ProjectConfigurationPlatforms) = postSolution
		{8B671592-CBBD-4F9E-BACA-1E4AC1575AC2}.Analysis|Win32.ActiveCfg = Analysis|Win32
		{8B671592-CBBD-4F9E-BACA-1E4AC1575AC2}.Analysis|Win32.Build.0 = Analysis|Win32
		{8B671592-CBBD-4F9E-BACA-1E4AC1575AC2}.Debug|Win32.ActiveCfg = Debug|Win32
		{8B671592-CBBD-4F9E-BACA-1E4AC1575AC2}.Debug|Win32.Build.0 = Debug|Win32
		{8B671592-CBBD-4F9E-BACA-1E4AC1575AC2}.Release|Win32.ActiveCfg = Release|Win32
		{8B671592-CBBD-4F9E-BACA-1E4AC1575AC2}.Release|Win32.Build.0 = Release|Win32
		{F6A5ED75-5FEF-4191-B617-AFCC5CFF85A2}.Analysis|Win32.ActiveCfg = Analysis|Win32
		{F6A5ED75-5FEF-4191-B617-AFCC5CFF85A2}.Analysis|Win32.Build.0 = Analysis|Win32
		{F6A5ED75-5FEF-4191-B617-AFCC5CFF85A2}.Debug|Win32.ActiveCfg = Debug|Win32
		{F6A5ED75-5FEF-4191-B617-AFCC5CFF85A2}.Debug|Win32.Build.0 = Debug|Win32
		{F6A5ED75-5FEF-4191-B617-AFCC5CFF85A2}.Release|Win32.ActiveCfg = Release|Win32
		{F6A5ED75-5FEF-4191-B617-AFCC5CFF85A2}.Release|Win32.Build.0 = Release|Win32
		{500413B2-5AE6-41CE-BCFF-D90DB2755869}.Analysis|Win32.ActiveCfg = Analysis|Win32
		{500413B2-5AE6-41CE-BCFF-D90DB2755869}.Analysis|Win32.Build.0 = Analysis|Win32
		{500413B2-5AE6-41CE-BCFF-D90DB2755869}.Debug|Win32.ActiveCfg = Debug|Win32
		{500413B2-5AE6-41CE-BCFF-D90DB2755869}.Debug|Win32.Build.0 = Debug|Win32
		{500413B2-5AE6-41CE-BCFF-D90DB2755869}.Release|Win32.ActiveCfg = Release|Win32
		{500413B2-5AE6-41CE-BCFF-D90DB2755869}.Release|Win32.Build.0 = Release|Win32
		{4DA3080B-CD7B-454F-8D08-493605EE4980}.Analysis|Win32.ActiveCfg = Analysis|Win32
		{4DA3080B-CD7B-454F-8D08-493605EE4980}.Analysis|Win32.Build.0 = Analysis|Win32
		{4DA3080B-CD7B-454F-8D08-493605EE4980}.Debug|Win32.ActiveCfg = Debug|Win32
		{4DA3080B-CD7B-454F-8D08-493605EE4980}.Debug|Win32.Build.0 = Debug|Win32
		{4DA3080B-CD7B-454F-8D08-493605EE4980}.Release|Win32.ActiveCfg = Release|Win32
		{4DA3080B-CD7B-454F-8D08-493605EE4980}.Release|Win32.Build.0 = Release|Win32
		{5813D158-EC1E-4305-8122-8573958150FE}.Analysis|Win32.ActiveCfg = Analysis|Win32
		{5813D158-EC1E-4305-8122-8573958150FE}.Analysis|Win32.Build.0 = Analysis|Win32
		{5813D158-EC1E-4305-8122-8573958150FE}.Debug|Win32.ActiveCfg = Debug|Win32
		{5813D158-EC1E-4305-8122-8573958150FE}.Debug|Win32.Build.0 = Debug|Win32
		{5813D158-EC1E-4305-8122-8573958150FE}.Release|Win32.ActiveCfg = Release|Win32
		{5813D158-EC1E-4305-8122-8573958150FE}.Release|Win32.Build.0 = Release|Win32
		{917F03EB-E204-4D13-81A6-645A15D8B89C}.Analysis|Win32.ActiveCfg = Analysis|Win32
		{917F03EB-E204-4D13-81A6-645A15D8B89C}.Analysis|Win32.Build.0 = Analysis|Win32
		{917F03EB-E204-4D13-81A6-645A15D8B89C}.Debug|Win32.ActiveCfg = Debug|Win32
		{917F03EB-E204-4D13-81A6-645A15D8B89C}.Debug|Win32.Build.0 = Debug|Win32
		{917F03EB-E204-4D13-81A6-645A15D8B89C}.Release|Win32.ActiveCfg = Release|Win32
		{917F03EB-E204-4D13-81A6-645A15D8B89C}.Release|Win32.Build.0 = Release|Win32
		{B6219744-C76A-4C74-A455-8AFA986C3B6A}.Analysis|Win32.ActiveCfg = Analysis|Win32
		{B6219744-C76A-4C74-A455-8AFA986C3B6A}.Analysis|Win32.Build.0 = Analysis|Win32
		{B6219744-C76A-4C74-A455-8AFA986C3B6A}.Debug|Win32.ActiveCfg = Debug|Win32
		{B6219744-C76A-4C74-A455-8AFA986C3B6A}.Debug|Win32.Build.0 = Debug|Win32
		{B6219744-C76A-4C74-A455-8AFA986C3B6A}.Release|Win32.ActiveCfg = Release|Win32
		{B6219744-C76A-4C74-A455-8AFA986C3B6A}.Release|Win32.Build.0 = Release|Win32
		{67AADB73-C79B-4C06-B7E8-BCBD2A5458BF}.Analysis|Win32.ActiveCfg = Analysis|Win32
		{67AADB73-C79B-4C06-B7E8-BCBD2A5458BF}.Analysis|Win32.Build.0 = Analysis|Win32
		{67AADB73-C79B-4C06-B7E8-BCBD2A5458BF}.Debug|Win32.ActiveCfg = Debug|Win32
		{67AADB73-C79B-4C06-B7E8-BCBD2A5458BF}.Debug|Win32.Build.0 = Debug|Win32
		{67AADB73-C79B-4C06-B7E8-BCBD2A5458BF}.Release|Win32.ActiveCfg = Release|Win32
		{67AADB73-C79B-4C06-B7E8-BCBD2A5458BF}.Release|Win32.Build.0 = Release|Win32
		{5570494C-4F2D-4C2B-956A-E1804C73C524}.Analysis|Win32.ActiveCfg = Analysis|Win32
		{5570494C-4F2D-4C2B-956A-E1804C73C524}.Analysis|Win32.Build.0 = Analysis|Win32
		{5570494C-4F2D-4C2B-956A-E1804C73C524}.Debug|Win32.ActiveCfg = Debug|Win32
		{5570494C-4F2D-4C2B-956A-E1804C73C524}.Debug|Win32.Build.0 = Debug|Win32
		{5570494C-4F2D-4C2B-956A-E1804C73C524}.Release|Win32.ActiveCfg = Release|Win32
		{5570494C-4F2D-4C2B-956A-E1804C73C524}.Release|Win32.Build.0 = Release|Win32
		{44759314-9FC1-4ABC-B595-62B23DDD8014}.Analysis|Win32.ActiveCfg = Analysis|Win32
		{44759314-9FC1-4ABC-B595-62B23DDD8014}.Analysis|Win32.Build.0 = Analysis|Win32
		{44759314-9FC1-4ABC-B595-62B23DDD8014}.Debug|Win32.ActiveCfg = Debug|Win32
		{44759314-9FC1-4ABC-B595-62B23DDD8014}.Debug|Win32.Build.0 = Debug|Win32
		{44759314-9FC1-4ABC-B595-62B23DDD8014}.Release|Win32.ActiveCfg = Release|Win32
		{44759314-9FC1-4ABC-B595-62B23DDD8014}.Release|Win32.Build.0 = Release|Win32
	EndGlobalSection
	GlobalSection(SolutionProperties) = preSolution
		HideSolutionNode = FALSE
	EndGlobalSection
	GlobalSection(NestedProjects) = preSolution
		{8B671592-CBBD-4F9E-BACA-1E4AC1575AC2} = {E2806AC3-3F5B-42AA-8049-0E7EF293A0BC}
		{F6A5ED75-5FEF-4191-B617-AFCC5CFF85A2} = {E2806AC3-3F5B-42AA-8049-0E7EF293A0BC}
		{500413B2-5AE6-41CE-BCFF-D90DB2755869} = {E12A425B-FAB0-4193-AF05-14A9085FBB40}
		{4DA3080B-CD7B-454F-8D08-493605EE4980} = {E12A425B-FAB0-4193-AF05-14A9085FBB40}
		{5813D158-EC1E-4305-8122-8573958150FE} = {03810A82-BCF8-4236-A8DB-8B6E4DF32B61}
		{917F03EB-E204-4D13-81A6-645A15D8B89C} = {03810A82-BCF8-4236-A8DB-8B6E4DF32B61}
		{B6219744-C76A-4C74-A455-8AFA986C3B6A} = {2E839548-D39B-43AC-A369-6A8EB0062470}
		{67AADB73-C79B-4C06-B7E8-BCBD2A5458BF} = {2E839548-D39B-43AC-A369-6A8EB0062470}
		{44759314-9FC1-4ABC-B595-62B23DDD8014} = {ED4A2DE1-B996-4115-86BD-66C5FD58019F}
		{5570494C-4F2D-4C2B-956A-E1804C73C524} = {ED4A2DE1-B996-4115-86BD-66C5FD58019F}
	EndGlobalSection
EndGlobal
