
Microsoft Visual Studio Solution File, Format Version 10.00
# Visual Studio 2008
Project("{2150E333-8FDC-42A3-9474-1A3956D46DE8}") = "MCD", "MCD", "{E2806AC3-3F5B-42AA-8049-0E7EF293A0BC}"
EndProject
Project("{2150E333-8FDC-42A3-9474-1A3956D46DE8}") = "Fbx", "Fbx", "{E12A425B-FAB0-4193-AF05-14A9085FBB40}"
EndProject
Project("{8BC9CEB8-8B4A-11D0-8D11-00A0C91BC942}") = "Core", "..\MCD\Core\Core.vcproj", "{8B671592-CBBD-4F9E-BACA-1E4AC1575AC2}"
EndProject
Project("{8BC9CEB8-8B4A-11D0-8D11-00A0C91BC942}") = "Render", "..\MCD\Render\Render.vcproj", "{500413B2-5AE6-41CE-BCFF-D90DB2755869}"
EndProject
Project("{8BC9CEB8-8B4A-11D0-8D11-00A0C91BC942}") = "Fbx", "Fbx\Fbx.vcproj", "{6E4266CA-30EF-4F35-830F-92EC89D82FEB}"
	ProjectSection(ProjectDependencies) = postProject
		{8B671592-CBBD-4F9E-BACA-1E4AC1575AC2} = {8B671592-CBBD-4F9E-BACA-1E4AC1575AC2}
		{500413B2-5AE6-41CE-BCFF-D90DB2755869} = {500413B2-5AE6-41CE-BCFF-D90DB2755869}
	EndProjectSection
EndProject
Project("{8BC9CEB8-8B4A-11D0-8D11-00A0C91BC942}") = "FbxTest", "FbxTest\FbxTest.vcproj", "{67AADB73-C79B-4C06-B7E8-BCBD2A5458BF}"
	ProjectSection(ProjectDependencies) = postProject
		{6E4266CA-30EF-4F35-830F-92EC89D82FEB} = {6E4266CA-30EF-4F35-830F-92EC89D82FEB}
	EndProjectSection
EndProject
Global
	GlobalSection(SolutionConfigurationPlatforms) = preSolution
		Analysis|Win32 = Analysis|Win32
		Debug|Win32 = Debug|Win32
		Release|Win32 = Release|Win32
	EndGlobalSection
	GlobalSection(ProjectConfigurationPlatforms) = postSolution
		{8B671592-CBBD-4F9E-BACA-1E4AC1575AC2}.Analysis|Win32.ActiveCfg = Analysis|Win32
		{8B671592-CBBD-4F9E-BACA-1E4AC1575AC2}.Analysis|Win32.Build.0 = Analysis|Win32
		{8B671592-CBBD-4F9E-BACA-1E4AC1575AC2}.Debug|Win32.ActiveCfg = Debug|Win32
		{8B671592-CBBD-4F9E-BACA-1E4AC1575AC2}.Debug|Win32.Build.0 = Debug|Win32
		{8B671592-CBBD-4F9E-BACA-1E4AC1575AC2}.Release|Win32.ActiveCfg = Release|Win32
		{8B671592-CBBD-4F9E-BACA-1E4AC1575AC2}.Release|Win32.Build.0 = Release|Win32
		{500413B2-5AE6-41CE-BCFF-D90DB2755869}.Analysis|Win32.ActiveCfg = Analysis|Win32
		{500413B2-5AE6-41CE-BCFF-D90DB2755869}.Analysis|Win32.Build.0 = Analysis|Win32
		{500413B2-5AE6-41CE-BCFF-D90DB2755869}.Debug|Win32.ActiveCfg = Debug|Win32
		{500413B2-5AE6-41CE-BCFF-D90DB2755869}.Debug|Win32.Build.0 = Debug|Win32
		{500413B2-5AE6-41CE-BCFF-D90DB2755869}.Release|Win32.ActiveCfg = Release|Win32
		{500413B2-5AE6-41CE-BCFF-D90DB2755869}.Release|Win32.Build.0 = Release|Win32
		{6E4266CA-30EF-4F35-830F-92EC89D82FEB}.Analysis|Win32.ActiveCfg = Analysis|Win32
		{6E4266CA-30EF-4F35-830F-92EC89D82FEB}.Analysis|Win32.Build.0 = Analysis|Win32
		{6E4266CA-30EF-4F35-830F-92EC89D82FEB}.Debug|Win32.ActiveCfg = Debug|Win32
		{6E4266CA-30EF-4F35-830F-92EC89D82FEB}.Debug|Win32.Build.0 = Debug|Win32
		{6E4266CA-30EF-4F35-830F-92EC89D82FEB}.Release|Win32.ActiveCfg = Release|Win32
		{6E4266CA-30EF-4F35-830F-92EC89D82FEB}.Release|Win32.Build.0 = Release|Win32
		{67AADB73-C79B-4C06-B7E8-BCBD2A5458BF}.Analysis|Win32.ActiveCfg = Analysis|Win32
		{67AADB73-C79B-4C06-B7E8-BCBD2A5458BF}.Analysis|Win32.Build.0 = Analysis|Win32
		{67AADB73-C79B-4C06-B7E8-BCBD2A5458BF}.Debug|Win32.ActiveCfg = Debug|Win32
		{67AADB73-C79B-4C06-B7E8-BCBD2A5458BF}.Debug|Win32.Build.0 = Debug|Win32
		{67AADB73-C79B-4C06-B7E8-BCBD2A5458BF}.Release|Win32.ActiveCfg = Release|Win32
		{67AADB73-C79B-4C06-B7E8-BCBD2A5458BF}.Release|Win32.Build.0 = Release|Win32
	EndGlobalSection
	GlobalSection(SolutionProperties) = preSolution
		HideSolutionNode = FALSE
	EndGlobalSection
	GlobalSection(NestedProjects) = preSolution
		{8B671592-CBBD-4F9E-BACA-1E4AC1575AC2} = {E2806AC3-3F5B-42AA-8049-0E7EF293A0BC}
		{500413B2-5AE6-41CE-BCFF-D90DB2755869} = {E2806AC3-3F5B-42AA-8049-0E7EF293A0BC}
		{6E4266CA-30EF-4F35-830F-92EC89D82FEB} = {E12A425B-FAB0-4193-AF05-14A9085FBB40}
		{67AADB73-C79B-4C06-B7E8-BCBD2A5458BF} = {E12A425B-FAB0-4193-AF05-14A9085FBB40}
	EndGlobalSection
EndGlobal
